{
  "name": "@servekit/local-ssl",
  "version": "1.0.0-alpha.2",
  "lockfileVersion": 2,
  "requires": true,
  "packages": {
    "": {
      "name": "@servekit/local-ssl",
      "version": "1.0.0-alpha.2",
      "license": "MIT",
      "dependencies": {
        "@await/spawn": "9.0.0"
      }
    },
    "node_modules/@await/spawn": {
      "version": "9.0.0",
      "resolved": "https://registry.npmjs.org/@await/spawn/-/spawn-9.0.0.tgz",
      "integrity": "sha512-1daLlQQVW0VlSqZD8PacNAmAbBWg56nJxJC6gmw2Tg7IPIs7pD/Yj42q6gRjnFi8j4KwwZp390SSLI5G29xqzw=="
    }
  },
  "dependencies": {
    "@await/spawn": {
      "version": "9.0.0",
      "resolved": "https://registry.npmjs.org/@await/spawn/-/spawn-9.0.0.tgz",
      "integrity": "sha512-1daLlQQVW0VlSqZD8PacNAmAbBWg56nJxJC6gmw2Tg7IPIs7pD/Yj42q6gRjnFi8j4KwwZp390SSLI5G29xqzw=="
    }
  }
}
